
Microsoft Visual Studio Solution File, Format Version 12.00
# Visual Studio Express 2013 for Web
VisualStudioVersion = 12.0.21005.1
MinimumVisualStudioVersion = 10.0.40219.1
Project("{FAE04EC0-301F-11D3-BF4B-00C04F79EFBC}") = "DapperIdentityDemo", "DapperIdentityDemo\DapperIdentityDemo.csproj", "{8D0D5D6A-8B81-4009-A25D-7CCE2B1C641E}"
EndProject
Project("{2150E333-8FDC-42A3-9474-1A3956D46DE8}") = "Solution Items", "Solution Items", "{9C392944-3F1E-4B86-8848-593F3BE60B09}"
	ProjectSection(SolutionItems) = preProject
		readme.md = readme.md
	EndProjectSection
EndProject
Project("{00D1A9C2-B5F0-4AF3-8072-F6C62B433612}") = "DatabaseDemo", "DatabaseDemo\DatabaseDemo.sqlproj", "{E3C3C2BC-1A74-4B4D-8A88-94B0AE152FFA}"
EndProject
Global
	GlobalSection(TeamFoundationVersionControl) = preSolution
		SccNumberOfProjects = 3
		SccEnterpriseProvider = {4CA58AB2-18FA-4F8D-95D4-32DDF27D184C}
		SccTeamFoundationServer = https://darkorbit.visualstudio.com/defaultcollection
		SccLocalPath0 = .
		SccProjectUniqueName1 = DapperIdentityDemo\\DapperIdentityDemo.csproj
		SccProjectName1 = DapperIdentityDemo
		SccLocalPath1 = DapperIdentityDemo
		SccProjectUniqueName2 = DatabaseDemo\\DatabaseDemo.sqlproj
		SccProjectName2 = DatabaseDemo
		SccLocalPath2 = DatabaseDemo
	EndGlobalSection
	GlobalSection(SolutionConfigurationPlatforms) = preSolution
		Debug|Any CPU = Debug|Any CPU
		Release|Any CPU = Release|Any CPU
	EndGlobalSection
	GlobalSection(ProjectConfigurationPlatforms) = postSolution
		{8D0D5D6A-8B81-4009-A25D-7CCE2B1C641E}.Debug|Any CPU.ActiveCfg = Debug|Any CPU
		{8D0D5D6A-8B81-4009-A25D-7CCE2B1C641E}.Debug|Any CPU.Build.0 = Debug|Any CPU
		{8D0D5D6A-8B81-4009-A25D-7CCE2B1C641E}.Release|Any CPU.ActiveCfg = Release|Any CPU
		{8D0D5D6A-8B81-4009-A25D-7CCE2B1C641E}.Release|Any CPU.Build.0 = Release|Any CPU
		{E3C3C2BC-1A74-4B4D-8A88-94B0AE152FFA}.Debug|Any CPU.ActiveCfg = Debug|Any CPU
		{E3C3C2BC-1A74-4B4D-8A88-94B0AE152FFA}.Debug|Any CPU.Build.0 = Debug|Any CPU
		{E3C3C2BC-1A74-4B4D-8A88-94B0AE152FFA}.Debug|Any CPU.Deploy.0 = Debug|Any CPU
		{E3C3C2BC-1A74-4B4D-8A88-94B0AE152FFA}.Release|Any CPU.ActiveCfg = Release|Any CPU
		{E3C3C2BC-1A74-4B4D-8A88-94B0AE152FFA}.Release|Any CPU.Build.0 = Release|Any CPU
		{E3C3C2BC-1A74-4B4D-8A88-94B0AE152FFA}.Release|Any CPU.Deploy.0 = Release|Any CPU
	EndGlobalSection
	GlobalSection(SolutionProperties) = preSolution
		HideSolutionNode = FALSE
	EndGlobalSection
EndGlobal
